// !$*UTF8*$!
{
	archiveVersion = 1;
	classes = {
	};
	objectVersion = 55;
	objects = {

/* Begin PBXBuildFile section */
		5201D68A2A30051100B1F939 /* WhatIsOpenDto.swift in Sources */ = {isa = PBXBuildFile; fileRef = 5201D6892A30051100B1F939 /* WhatIsOpenDto.swift */; };
		52131E3D28B30762006C3094 /* EventsModel.xcdatamodeld in Sources */ = {isa = PBXBuildFile; fileRef = 52131E3B28B30762006C3094 /* EventsModel.xcdatamodeld */; };
		52131E4828B31E85006C3094 /* EventLocation.swift in Sources */ = {isa = PBXBuildFile; fileRef = 52131E4028B31E85006C3094 /* EventLocation.swift */; };
		52131E4A28B31E85006C3094 /* EventFilter.swift in Sources */ = {isa = PBXBuildFile; fileRef = 52131E4228B31E85006C3094 /* EventFilter.swift */; };
		52131E4C28B31E85006C3094 /* Event.swift in Sources */ = {isa = PBXBuildFile; fileRef = 52131E4428B31E85006C3094 /* Event.swift */; };
		52131E5A28B34AC0006C3094 /* EventLocation+CoreDataProperties.swift in Sources */ = {isa = PBXBuildFile; fileRef = 52131E5228B34AC0006C3094 /* EventLocation+CoreDataProperties.swift */; };
		52131E5C28B34AC0006C3094 /* Event+CoreDataProperties.swift in Sources */ = {isa = PBXBuildFile; fileRef = 52131E5428B34AC0006C3094 /* Event+CoreDataProperties.swift */; };
		52131E6A28B96CC5006C3094 /* Color+ApplicationDefaults.swift in Sources */ = {isa = PBXBuildFile; fileRef = 52131E6928B96CC5006C3094 /* Color+ApplicationDefaults.swift */; };
		52131E6E28B97D6E006C3094 /* PersistentContainerHelper.swift in Sources */ = {isa = PBXBuildFile; fileRef = 52131E6D28B97D6E006C3094 /* PersistentContainerHelper.swift */; };
		52153BB028AE08EF007F4812 /* EventDetailView.swift in Sources */ = {isa = PBXBuildFile; fileRef = 52153BAF28AE08EE007F4812 /* EventDetailView.swift */; };
		52153BB228AE09EE007F4812 /* EventDetailViewModel.swift in Sources */ = {isa = PBXBuildFile; fileRef = 52153BB128AE09ED007F4812 /* EventDetailViewModel.swift */; };
		52153BB628AF5EE8007F4812 /* Documentation.docc in Sources */ = {isa = PBXBuildFile; fileRef = 52153BB528AF5EE7007F4812 /* Documentation.docc */; };
		52153BB928AF63B2007F4812 /* MockEventsService.swift in Sources */ = {isa = PBXBuildFile; fileRef = 52153BB828AF63B2007F4812 /* MockEventsService.swift */; };
		52153BBE28AF6584007F4812 /* MockEventsModelData.swift in Sources */ = {isa = PBXBuildFile; fileRef = 52153BBD28AF6584007F4812 /* MockEventsModelData.swift */; };
		52460AE52A611079008714EF /* WhatIsOpenIssueReportingView.swift in Sources */ = {isa = PBXBuildFile; fileRef = 52460AE42A611079008714EF /* WhatIsOpenIssueReportingView.swift */; };
		52460AE72A62718B008714EF /* WhatIsOpenMapView.swift in Sources */ = {isa = PBXBuildFile; fileRef = 52460AE62A62718B008714EF /* WhatIsOpenMapView.swift */; };
		52460AE92A6271CA008714EF /* WhatIsOpenMapViewModel.swift in Sources */ = {isa = PBXBuildFile; fileRef = 52460AE82A6271CA008714EF /* WhatIsOpenMapViewModel.swift */; };
		52460AEC2A62726D008714EF /* WhatIsOpenMapViewRepresentable.swift in Sources */ = {isa = PBXBuildFile; fileRef = 52460AEB2A62726D008714EF /* WhatIsOpenMapViewRepresentable.swift */; };
		52460AF02A69E6EF008714EF /* RssArticleModel.swift in Sources */ = {isa = PBXBuildFile; fileRef = 52460AEF2A69E6EF008714EF /* RssArticleModel.swift */; };
		52460AF22A69E711008714EF /* RssLoadingError.swift in Sources */ = {isa = PBXBuildFile; fileRef = 52460AF12A69E711008714EF /* RssLoadingError.swift */; };
		52463ED12A35563C007BF9B1 /* WoosmapDays.swift in Sources */ = {isa = PBXBuildFile; fileRef = 52463ED02A35563C007BF9B1 /* WoosmapDays.swift */; };
		52463ED32A36F11D007BF9B1 /* WhatIsOpenPlace.swift in Sources */ = {isa = PBXBuildFile; fileRef = 52463ED22A36F11D007BF9B1 /* WhatIsOpenPlace.swift */; };
		52463ED52A37B5AE007BF9B1 /* Date+DayOfWeek.swift in Sources */ = {isa = PBXBuildFile; fileRef = 52463ED42A37B5AE007BF9B1 /* Date+DayOfWeek.swift */; };
		52463ED72A380F20007BF9B1 /* WhatIsOpenSubViews.swift in Sources */ = {isa = PBXBuildFile; fileRef = 52463ED62A380F20007BF9B1 /* WhatIsOpenSubViews.swift */; };
		52463ED92A381C5E007BF9B1 /* WhatIsOpenViewType.swift in Sources */ = {isa = PBXBuildFile; fileRef = 52463ED82A381C5E007BF9B1 /* WhatIsOpenViewType.swift */; };
		52463EDC2A38DBDC007BF9B1 /* WhatIsOpenSubViewModels.swift in Sources */ = {isa = PBXBuildFile; fileRef = 52463EDB2A38DBDC007BF9B1 /* WhatIsOpenSubViewModels.swift */; };
		52463EDF2A3AC76B007BF9B1 /* Collections in Frameworks */ = {isa = PBXBuildFile; productRef = 52463EDE2A3AC76B007BF9B1 /* Collections */; };
		52463EE12A3AC76B007BF9B1 /* DequeModule in Frameworks */ = {isa = PBXBuildFile; productRef = 52463EE02A3AC76B007BF9B1 /* DequeModule */; };
		52463EE32A3AC76B007BF9B1 /* OrderedCollections in Frameworks */ = {isa = PBXBuildFile; productRef = 52463EE22A3AC76B007BF9B1 /* OrderedCollections */; };
		52463EE62A3AC7C6007BF9B1 /* FirebaseAnalytics in Frameworks */ = {isa = PBXBuildFile; productRef = 52463EE52A3AC7C6007BF9B1 /* FirebaseAnalytics */; };
		52463EE82A3AC7C6007BF9B1 /* FirebaseAnalyticsSwift in Frameworks */ = {isa = PBXBuildFile; productRef = 52463EE72A3AC7C6007BF9B1 /* FirebaseAnalyticsSwift */; };
		52463EF92A3BC443007BF9B1 /* EventsRepository.swift in Sources */ = {isa = PBXBuildFile; fileRef = 52463EF82A3BC443007BF9B1 /* EventsRepository.swift */; };
		52463EFB2A3BC452007BF9B1 /* EventsService.swift in Sources */ = {isa = PBXBuildFile; fileRef = 52463EFA2A3BC452007BF9B1 /* EventsService.swift */; };
		52463EFD2A3BC55E007BF9B1 /* EventsListView.swift in Sources */ = {isa = PBXBuildFile; fileRef = 52463EFC2A3BC55E007BF9B1 /* EventsListView.swift */; };
		52463EFF2A3BC59A007BF9B1 /* EventsListCellView.swift in Sources */ = {isa = PBXBuildFile; fileRef = 52463EFE2A3BC59A007BF9B1 /* EventsListCellView.swift */; };
		52463F012A3BC603007BF9B1 /* EventsListViewModel.swift in Sources */ = {isa = PBXBuildFile; fileRef = 52463F002A3BC603007BF9B1 /* EventsListViewModel.swift */; };
		52463F042A3BC71C007BF9B1 /* EventsListCellViewModel.swift in Sources */ = {isa = PBXBuildFile; fileRef = 52463F032A3BC71C007BF9B1 /* EventsListCellViewModel.swift */; };
		52463F062A3BCA11007BF9B1 /* EventsListSectionView.swift in Sources */ = {isa = PBXBuildFile; fileRef = 52463F052A3BCA11007BF9B1 /* EventsListSectionView.swift */; };
		52463F082A3BCA1E007BF9B1 /* EventsListSectionViewModel.swift in Sources */ = {isa = PBXBuildFile; fileRef = 52463F072A3BCA1E007BF9B1 /* EventsListSectionViewModel.swift */; };
		52463F0B2A3C26C8007BF9B1 /* IMEvent.swift in Sources */ = {isa = PBXBuildFile; fileRef = 52463F0A2A3C26C8007BF9B1 /* IMEvent.swift */; };
		52463F0F2A3C26E5007BF9B1 /* IMEventFilter.swift in Sources */ = {isa = PBXBuildFile; fileRef = 52463F0E2A3C26E5007BF9B1 /* IMEventFilter.swift */; };
		52463F112A3C26F9007BF9B1 /* IMEventLocation.swift in Sources */ = {isa = PBXBuildFile; fileRef = 52463F102A3C26F9007BF9B1 /* IMEventLocation.swift */; };
		52463F142A3E7B4E007BF9B1 /* BannerModifier.swift in Sources */ = {isa = PBXBuildFile; fileRef = 52463F132A3E7B4E007BF9B1 /* BannerModifier.swift */; };
		525538EC2A0D9979004BD415 /* EventsViewModelTests.swift in Sources */ = {isa = PBXBuildFile; fileRef = 525538EB2A0D9979004BD415 /* EventsViewModelTests.swift */; };
		525538ED2A0DA5D1004BD415 /* MockApiService.swift in Sources */ = {isa = PBXBuildFile; fileRef = 525538E92A0C4CE3004BD415 /* MockApiService.swift */; };
		526220F22A3F8A880029FDAD /* EventsServiceErrorEnum.swift in Sources */ = {isa = PBXBuildFile; fileRef = 526220F12A3F8A880029FDAD /* EventsServiceErrorEnum.swift */; };
		526220F42A3F8AA40029FDAD /* APIErrorEnum.swift in Sources */ = {isa = PBXBuildFile; fileRef = 526220F32A3F8AA40029FDAD /* APIErrorEnum.swift */; };
		526220F72A3FF2910029FDAD /* EventKitViewController.swift in Sources */ = {isa = PBXBuildFile; fileRef = 526220F62A3FF2910029FDAD /* EventKitViewController.swift */; };
		526221002A4173540029FDAD /* ReminderService.swift in Sources */ = {isa = PBXBuildFile; fileRef = 526220FF2A4173540029FDAD /* ReminderService.swift */; };
		526221032A4228E10029FDAD /* URLSession+genericDataTaskPublisher.swift in Sources */ = {isa = PBXBuildFile; fileRef = 526221022A4228E10029FDAD /* URLSession+genericDataTaskPublisher.swift */; };
		526221062A4261F90029FDAD /* CampusMapWebViewRepresentable.swift in Sources */ = {isa = PBXBuildFile; fileRef = 526221052A4261F90029FDAD /* CampusMapWebViewRepresentable.swift */; };
		526221082A4263BD0029FDAD /* CampusMapView.swift in Sources */ = {isa = PBXBuildFile; fileRef = 526221072A4263BD0029FDAD /* CampusMapView.swift */; };
		5262210D2A45040B0029FDAD /* InformationView.swift in Sources */ = {isa = PBXBuildFile; fileRef = 5262210C2A45040B0029FDAD /* InformationView.swift */; };
		5289CEAE2A16D43F00E51257 /* EventFilter+CoreDataProperties.swift in Sources */ = {isa = PBXBuildFile; fileRef = 5289CEAD2A16D43F00E51257 /* EventFilter+CoreDataProperties.swift */; };
		5289CEB12A16D57100E51257 /* WhatIsOpenView.swift in Sources */ = {isa = PBXBuildFile; fileRef = 5289CEB02A16D57100E51257 /* WhatIsOpenView.swift */; };
		5289CEB32A16D57C00E51257 /* WhatIsOpenViewModel.swift in Sources */ = {isa = PBXBuildFile; fileRef = 5289CEB22A16D57C00E51257 /* WhatIsOpenViewModel.swift */; };
		528A2A1D2849C9A30035F416 /* Injector.swift in Sources */ = {isa = PBXBuildFile; fileRef = 528A2A1C2849C9A30035F416 /* Injector.swift */; };
		528A2A1F2849CA6E0035F416 /* ViewModelFactory.swift in Sources */ = {isa = PBXBuildFile; fileRef = 528A2A1E2849CA6E0035F416 /* ViewModelFactory.swift */; };
		529861BA284553BA009C1E3B /* UOKioskApp.swift in Sources */ = {isa = PBXBuildFile; fileRef = 529861B9284553BA009C1E3B /* UOKioskApp.swift */; };
		529861BE284553BC009C1E3B /* Assets.xcassets in Resources */ = {isa = PBXBuildFile; fileRef = 529861BD284553BC009C1E3B /* Assets.xcassets */; };
		529861C1284553BC009C1E3B /* Preview Assets.xcassets in Resources */ = {isa = PBXBuildFile; fileRef = 529861C0284553BC009C1E3B /* Preview Assets.xcassets */; };
		529861CB284553BC009C1E3B /* UOKioskTests.swift in Sources */ = {isa = PBXBuildFile; fileRef = 529861CA284553BC009C1E3B /* UOKioskTests.swift */; };
		529861D5284553BC009C1E3B /* UOKioskUITests.swift in Sources */ = {isa = PBXBuildFile; fileRef = 529861D4284553BC009C1E3B /* UOKioskUITests.swift */; };
		529861D7284553BC009C1E3B /* UOKioskUITestsLaunchTests.swift in Sources */ = {isa = PBXBuildFile; fileRef = 529861D6284553BC009C1E3B /* UOKioskUITestsLaunchTests.swift */; };
		529861EA2845587C009C1E3B /* TabMenuView.swift in Sources */ = {isa = PBXBuildFile; fileRef = 529861E92845587C009C1E3B /* TabMenuView.swift */; };
		529861EC284558CD009C1E3B /* ApiService.swift in Sources */ = {isa = PBXBuildFile; fileRef = 529861EB284558CD009C1E3B /* ApiService.swift */; };
		529861EE28455A9C009C1E3B /* EventsDto.swift in Sources */ = {isa = PBXBuildFile; fileRef = 529861ED28455A9C009C1E3B /* EventsDto.swift */; };
		52A2384E2A4B7D3B004799E8 /* NewsFeedView.swift in Sources */ = {isa = PBXBuildFile; fileRef = 52A2384D2A4B7D3B004799E8 /* NewsFeedView.swift */; };
		52A238532A4B86A7004799E8 /* FeedKit in Frameworks */ = {isa = PBXBuildFile; productRef = 52A238522A4B86A7004799E8 /* FeedKit */; };
		52A238552A4B8766004799E8 /* NewsFeedService.swift in Sources */ = {isa = PBXBuildFile; fileRef = 52A238542A4B8766004799E8 /* NewsFeedService.swift */; };
		52A238572A4BF764004799E8 /* NewsFeedViewModel.swift in Sources */ = {isa = PBXBuildFile; fileRef = 52A238562A4BF764004799E8 /* NewsFeedViewModel.swift */; };
		52A238592A4BF866004799E8 /* NewsFeedCellView.swift in Sources */ = {isa = PBXBuildFile; fileRef = 52A238582A4BF866004799E8 /* NewsFeedCellView.swift */; };
		52A2385D2A4BF8A6004799E8 /* NewsFeedCellViewModel.swift in Sources */ = {isa = PBXBuildFile; fileRef = 52A2385C2A4BF8A6004799E8 /* NewsFeedCellViewModel.swift */; };
		52A2385F2A4C1203004799E8 /* NewsFeedRepository.swift in Sources */ = {isa = PBXBuildFile; fileRef = 52A2385E2A4C1203004799E8 /* NewsFeedRepository.swift */; };
		52A238622A4C1274004799E8 /* MockNewsFeedService.swift in Sources */ = {isa = PBXBuildFile; fileRef = 52A238602A4C1262004799E8 /* MockNewsFeedService.swift */; };
		52A238642A4C1FE7004799E8 /* NewsFeedArticleView.swift in Sources */ = {isa = PBXBuildFile; fileRef = 52A238632A4C1FE7004799E8 /* NewsFeedArticleView.swift */; };
		52A238662A4C2019004799E8 /* NewsFeedArticleViewRepresentable.swift in Sources */ = {isa = PBXBuildFile; fileRef = 52A238652A4C2019004799E8 /* NewsFeedArticleViewRepresentable.swift */; };
		52A238692A4E1910004799E8 /* RadioView.swift in Sources */ = {isa = PBXBuildFile; fileRef = 52A238682A4E1910004799E8 /* RadioView.swift */; };
		52A2386B2A4E1923004799E8 /* RadioViewViewModel.swift in Sources */ = {isa = PBXBuildFile; fileRef = 52A2386A2A4E1923004799E8 /* RadioViewViewModel.swift */; };
		52A238792A575D0C004799E8 /* CampusMapViewModel.swift in Sources */ = {isa = PBXBuildFile; fileRef = 52A238782A575D0C004799E8 /* CampusMapViewModel.swift */; };
		52A2387B2A5E086F004799E8 /* WebViewDelegate.swift in Sources */ = {isa = PBXBuildFile; fileRef = 52A2387A2A5E086F004799E8 /* WebViewDelegate.swift */; };
		52BC04062A09A267005F93BF /* MockEventsData.json in Resources */ = {isa = PBXBuildFile; fileRef = 52BC04052A09A267005F93BF /* MockEventsData.json */; };
		52C3CFE12A294819001DF1D1 /* GoogleService-Info.plist in Resources */ = {isa = PBXBuildFile; fileRef = 52C3CFE02A294818001DF1D1 /* GoogleService-Info.plist */; };
		52F1F65C2A304CFB00F9CF3B /* WhatIsOpenRepository.swift in Sources */ = {isa = PBXBuildFile; fileRef = 52F1F65B2A304CFB00F9CF3B /* WhatIsOpenRepository.swift */; };
		52F1F65E2A304D0300F9CF3B /* WhatIsOpenService.swift in Sources */ = {isa = PBXBuildFile; fileRef = 52F1F65D2A304D0300F9CF3B /* WhatIsOpenService.swift */; };
		52F56AE82A3295C60046A999 /* MockWhatsOpenData.swift in Sources */ = {isa = PBXBuildFile; fileRef = 52F56AE72A3295C60046A999 /* MockWhatsOpenData.swift */; };
		52F56AEA2A32970B0046A999 /* WhatIsOpenCategories.swift in Sources */ = {isa = PBXBuildFile; fileRef = 52F56AE92A32970B0046A999 /* WhatIsOpenCategories.swift */; };
		52F56AEC2A32981F0046A999 /* StringProtocol+Subscript.swift in Sources */ = {isa = PBXBuildFile; fileRef = 52F56AEB2A32981F0046A999 /* StringProtocol+Subscript.swift */; };
		52F56AEE2A3298670046A999 /* Array+SafeSubscript.swift in Sources */ = {isa = PBXBuildFile; fileRef = 52F56AED2A3298670046A999 /* Array+SafeSubscript.swift */; };
		52F56AF12A329D800046A999 /* MockWhatIsOpenService.swift in Sources */ = {isa = PBXBuildFile; fileRef = 52F56AEF2A329D5F0046A999 /* MockWhatIsOpenService.swift */; };
/* End PBXBuildFile section */

/* Begin PBXContainerItemProxy section */
		529861C7284553BC009C1E3B /* PBXContainerItemProxy */ = {
			isa = PBXContainerItemProxy;
			containerPortal = 529861AE284553BA009C1E3B /* Project object */;
			proxyType = 1;
			remoteGlobalIDString = 529861B5284553BA009C1E3B;
			remoteInfo = UOKiosk;
		};
		529861D1284553BC009C1E3B /* PBXContainerItemProxy */ = {
			isa = PBXContainerItemProxy;
			containerPortal = 529861AE284553BA009C1E3B /* Project object */;
			proxyType = 1;
			remoteGlobalIDString = 529861B5284553BA009C1E3B;
			remoteInfo = UOKiosk;
		};
/* End PBXContainerItemProxy section */

/* Begin PBXFileReference section */
		5201D6892A30051100B1F939 /* WhatIsOpenDto.swift */ = {isa = PBXFileReference; lastKnownFileType = sourcecode.swift; path = WhatIsOpenDto.swift; sourceTree = "<group>"; };
		52131E3C28B30762006C3094 /* EventsModel.xcdatamodel */ = {isa = PBXFileReference; lastKnownFileType = wrapper.xcdatamodel; path = EventsModel.xcdatamodel; sourceTree = "<group>"; };
		52131E4028B31E85006C3094 /* EventLocation.swift */ = {isa = PBXFileReference; lastKnownFileType = sourcecode.swift; path = EventLocation.swift; sourceTree = "<group>"; };
		52131E4228B31E85006C3094 /* EventFilter.swift */ = {isa = PBXFileReference; lastKnownFileType = sourcecode.swift; path = EventFilter.swift; sourceTree = "<group>"; };
		52131E4428B31E85006C3094 /* Event.swift */ = {isa = PBXFileReference; lastKnownFileType = sourcecode.swift; path = Event.swift; sourceTree = "<group>"; };
		52131E5228B34AC0006C3094 /* EventLocation+CoreDataProperties.swift */ = {isa = PBXFileReference; lastKnownFileType = sourcecode.swift; path = "EventLocation+CoreDataProperties.swift"; sourceTree = "<group>"; };
		52131E5428B34AC0006C3094 /* Event+CoreDataProperties.swift */ = {isa = PBXFileReference; lastKnownFileType = sourcecode.swift; path = "Event+CoreDataProperties.swift"; sourceTree = "<group>"; };
		52131E6928B96CC5006C3094 /* Color+ApplicationDefaults.swift */ = {isa = PBXFileReference; lastKnownFileType = sourcecode.swift; path = "Color+ApplicationDefaults.swift"; sourceTree = "<group>"; };
		52131E6D28B97D6E006C3094 /* PersistentContainerHelper.swift */ = {isa = PBXFileReference; lastKnownFileType = sourcecode.swift; path = PersistentContainerHelper.swift; sourceTree = "<group>"; };
		52153BAF28AE08EE007F4812 /* EventDetailView.swift */ = {isa = PBXFileReference; lastKnownFileType = sourcecode.swift; path = EventDetailView.swift; sourceTree = "<group>"; };
		52153BB128AE09ED007F4812 /* EventDetailViewModel.swift */ = {isa = PBXFileReference; lastKnownFileType = sourcecode.swift; path = EventDetailViewModel.swift; sourceTree = "<group>"; };
		52153BB528AF5EE7007F4812 /* Documentation.docc */ = {isa = PBXFileReference; lastKnownFileType = folder.documentationcatalog; path = Documentation.docc; sourceTree = "<group>"; };
		52153BB828AF63B2007F4812 /* MockEventsService.swift */ = {isa = PBXFileReference; lastKnownFileType = sourcecode.swift; path = MockEventsService.swift; sourceTree = "<group>"; };
		52153BBD28AF6584007F4812 /* MockEventsModelData.swift */ = {isa = PBXFileReference; lastKnownFileType = sourcecode.swift; path = MockEventsModelData.swift; sourceTree = "<group>"; };
		52460AE42A611079008714EF /* WhatIsOpenIssueReportingView.swift */ = {isa = PBXFileReference; lastKnownFileType = sourcecode.swift; path = WhatIsOpenIssueReportingView.swift; sourceTree = "<group>"; };
		52460AE62A62718B008714EF /* WhatIsOpenMapView.swift */ = {isa = PBXFileReference; lastKnownFileType = sourcecode.swift; path = WhatIsOpenMapView.swift; sourceTree = "<group>"; };
		52460AE82A6271CA008714EF /* WhatIsOpenMapViewModel.swift */ = {isa = PBXFileReference; lastKnownFileType = sourcecode.swift; path = WhatIsOpenMapViewModel.swift; sourceTree = "<group>"; };
		52460AEB2A62726D008714EF /* WhatIsOpenMapViewRepresentable.swift */ = {isa = PBXFileReference; lastKnownFileType = sourcecode.swift; path = WhatIsOpenMapViewRepresentable.swift; sourceTree = "<group>"; };
		52460AEF2A69E6EF008714EF /* RssArticleModel.swift */ = {isa = PBXFileReference; lastKnownFileType = sourcecode.swift; path = RssArticleModel.swift; sourceTree = "<group>"; };
		52460AF12A69E711008714EF /* RssLoadingError.swift */ = {isa = PBXFileReference; lastKnownFileType = sourcecode.swift; path = RssLoadingError.swift; sourceTree = "<group>"; };
		52463ED02A35563C007BF9B1 /* WoosmapDays.swift */ = {isa = PBXFileReference; lastKnownFileType = sourcecode.swift; path = WoosmapDays.swift; sourceTree = "<group>"; };
		52463ED22A36F11D007BF9B1 /* WhatIsOpenPlace.swift */ = {isa = PBXFileReference; lastKnownFileType = sourcecode.swift; path = WhatIsOpenPlace.swift; sourceTree = "<group>"; };
		52463ED42A37B5AE007BF9B1 /* Date+DayOfWeek.swift */ = {isa = PBXFileReference; lastKnownFileType = sourcecode.swift; path = "Date+DayOfWeek.swift"; sourceTree = "<group>"; };
		52463ED62A380F20007BF9B1 /* WhatIsOpenSubViews.swift */ = {isa = PBXFileReference; lastKnownFileType = sourcecode.swift; path = WhatIsOpenSubViews.swift; sourceTree = "<group>"; };
		52463ED82A381C5E007BF9B1 /* WhatIsOpenViewType.swift */ = {isa = PBXFileReference; lastKnownFileType = sourcecode.swift; path = WhatIsOpenViewType.swift; sourceTree = "<group>"; };
		52463EDB2A38DBDC007BF9B1 /* WhatIsOpenSubViewModels.swift */ = {isa = PBXFileReference; lastKnownFileType = sourcecode.swift; path = WhatIsOpenSubViewModels.swift; sourceTree = "<group>"; };
		52463EF82A3BC443007BF9B1 /* EventsRepository.swift */ = {isa = PBXFileReference; lastKnownFileType = sourcecode.swift; path = EventsRepository.swift; sourceTree = "<group>"; };
		52463EFA2A3BC452007BF9B1 /* EventsService.swift */ = {isa = PBXFileReference; lastKnownFileType = sourcecode.swift; path = EventsService.swift; sourceTree = "<group>"; };
		52463EFC2A3BC55E007BF9B1 /* EventsListView.swift */ = {isa = PBXFileReference; lastKnownFileType = sourcecode.swift; path = EventsListView.swift; sourceTree = "<group>"; };
		52463EFE2A3BC59A007BF9B1 /* EventsListCellView.swift */ = {isa = PBXFileReference; lastKnownFileType = sourcecode.swift; path = EventsListCellView.swift; sourceTree = "<group>"; };
		52463F002A3BC603007BF9B1 /* EventsListViewModel.swift */ = {isa = PBXFileReference; lastKnownFileType = sourcecode.swift; path = EventsListViewModel.swift; sourceTree = "<group>"; };
		52463F032A3BC71C007BF9B1 /* EventsListCellViewModel.swift */ = {isa = PBXFileReference; lastKnownFileType = sourcecode.swift; path = EventsListCellViewModel.swift; sourceTree = "<group>"; };
		52463F052A3BCA11007BF9B1 /* EventsListSectionView.swift */ = {isa = PBXFileReference; lastKnownFileType = sourcecode.swift; path = EventsListSectionView.swift; sourceTree = "<group>"; };
		52463F072A3BCA1E007BF9B1 /* EventsListSectionViewModel.swift */ = {isa = PBXFileReference; lastKnownFileType = sourcecode.swift; path = EventsListSectionViewModel.swift; sourceTree = "<group>"; };
		52463F0A2A3C26C8007BF9B1 /* IMEvent.swift */ = {isa = PBXFileReference; lastKnownFileType = sourcecode.swift; path = IMEvent.swift; sourceTree = "<group>"; };
		52463F0E2A3C26E5007BF9B1 /* IMEventFilter.swift */ = {isa = PBXFileReference; lastKnownFileType = sourcecode.swift; path = IMEventFilter.swift; sourceTree = "<group>"; };
		52463F102A3C26F9007BF9B1 /* IMEventLocation.swift */ = {isa = PBXFileReference; lastKnownFileType = sourcecode.swift; path = IMEventLocation.swift; sourceTree = "<group>"; };
		52463F132A3E7B4E007BF9B1 /* BannerModifier.swift */ = {isa = PBXFileReference; lastKnownFileType = sourcecode.swift; path = BannerModifier.swift; sourceTree = "<group>"; };
		525538E92A0C4CE3004BD415 /* MockApiService.swift */ = {isa = PBXFileReference; lastKnownFileType = sourcecode.swift; path = MockApiService.swift; sourceTree = "<group>"; };
		525538EB2A0D9979004BD415 /* EventsViewModelTests.swift */ = {isa = PBXFileReference; lastKnownFileType = sourcecode.swift; path = EventsViewModelTests.swift; sourceTree = "<group>"; };
		526220F12A3F8A880029FDAD /* EventsServiceErrorEnum.swift */ = {isa = PBXFileReference; lastKnownFileType = sourcecode.swift; path = EventsServiceErrorEnum.swift; sourceTree = "<group>"; };
		526220F32A3F8AA40029FDAD /* APIErrorEnum.swift */ = {isa = PBXFileReference; lastKnownFileType = sourcecode.swift; path = APIErrorEnum.swift; sourceTree = "<group>"; };
		526220F62A3FF2910029FDAD /* EventKitViewController.swift */ = {isa = PBXFileReference; lastKnownFileType = sourcecode.swift; path = EventKitViewController.swift; sourceTree = "<group>"; };
		526220FF2A4173540029FDAD /* ReminderService.swift */ = {isa = PBXFileReference; lastKnownFileType = sourcecode.swift; path = ReminderService.swift; sourceTree = "<group>"; };
		526221022A4228E10029FDAD /* URLSession+genericDataTaskPublisher.swift */ = {isa = PBXFileReference; lastKnownFileType = sourcecode.swift; path = "URLSession+genericDataTaskPublisher.swift"; sourceTree = "<group>"; };
		526221052A4261F90029FDAD /* CampusMapWebViewRepresentable.swift */ = {isa = PBXFileReference; lastKnownFileType = sourcecode.swift; path = CampusMapWebViewRepresentable.swift; sourceTree = "<group>"; };
		526221072A4263BD0029FDAD /* CampusMapView.swift */ = {isa = PBXFileReference; lastKnownFileType = sourcecode.swift; path = CampusMapView.swift; sourceTree = "<group>"; };
		5262210C2A45040B0029FDAD /* InformationView.swift */ = {isa = PBXFileReference; lastKnownFileType = sourcecode.swift; path = InformationView.swift; sourceTree = "<group>"; };
		5289CEAD2A16D43F00E51257 /* EventFilter+CoreDataProperties.swift */ = {isa = PBXFileReference; lastKnownFileType = sourcecode.swift; path = "EventFilter+CoreDataProperties.swift"; sourceTree = "<group>"; };
		5289CEB02A16D57100E51257 /* WhatIsOpenView.swift */ = {isa = PBXFileReference; lastKnownFileType = sourcecode.swift; path = WhatIsOpenView.swift; sourceTree = "<group>"; };
		5289CEB22A16D57C00E51257 /* WhatIsOpenViewModel.swift */ = {isa = PBXFileReference; lastKnownFileType = sourcecode.swift; path = WhatIsOpenViewModel.swift; sourceTree = "<group>"; };
		528A2A1C2849C9A30035F416 /* Injector.swift */ = {isa = PBXFileReference; lastKnownFileType = sourcecode.swift; path = Injector.swift; sourceTree = "<group>"; };
		528A2A1E2849CA6E0035F416 /* ViewModelFactory.swift */ = {isa = PBXFileReference; lastKnownFileType = sourcecode.swift; path = ViewModelFactory.swift; sourceTree = "<group>"; };
		529861B6284553BA009C1E3B /* UOKiosk.app */ = {isa = PBXFileReference; explicitFileType = wrapper.application; includeInIndex = 0; path = UOKiosk.app; sourceTree = BUILT_PRODUCTS_DIR; };
		529861B9284553BA009C1E3B /* UOKioskApp.swift */ = {isa = PBXFileReference; lastKnownFileType = sourcecode.swift; path = UOKioskApp.swift; sourceTree = "<group>"; };
		529861BD284553BC009C1E3B /* Assets.xcassets */ = {isa = PBXFileReference; lastKnownFileType = folder.assetcatalog; path = Assets.xcassets; sourceTree = "<group>"; };
		529861C0284553BC009C1E3B /* Preview Assets.xcassets */ = {isa = PBXFileReference; lastKnownFileType = folder.assetcatalog; path = "Preview Assets.xcassets"; sourceTree = "<group>"; };
		529861C6284553BC009C1E3B /* UOKioskTests.xctest */ = {isa = PBXFileReference; explicitFileType = wrapper.cfbundle; includeInIndex = 0; path = UOKioskTests.xctest; sourceTree = BUILT_PRODUCTS_DIR; };
		529861CA284553BC009C1E3B /* UOKioskTests.swift */ = {isa = PBXFileReference; lastKnownFileType = sourcecode.swift; path = UOKioskTests.swift; sourceTree = "<group>"; };
		529861D0284553BC009C1E3B /* UOKioskUITests.xctest */ = {isa = PBXFileReference; explicitFileType = wrapper.cfbundle; includeInIndex = 0; path = UOKioskUITests.xctest; sourceTree = BUILT_PRODUCTS_DIR; };
		529861D4284553BC009C1E3B /* UOKioskUITests.swift */ = {isa = PBXFileReference; lastKnownFileType = sourcecode.swift; path = UOKioskUITests.swift; sourceTree = "<group>"; };
		529861D6284553BC009C1E3B /* UOKioskUITestsLaunchTests.swift */ = {isa = PBXFileReference; lastKnownFileType = sourcecode.swift; path = UOKioskUITestsLaunchTests.swift; sourceTree = "<group>"; };
		529861E92845587C009C1E3B /* TabMenuView.swift */ = {isa = PBXFileReference; lastKnownFileType = sourcecode.swift; path = TabMenuView.swift; sourceTree = "<group>"; };
		529861EB284558CD009C1E3B /* ApiService.swift */ = {isa = PBXFileReference; lastKnownFileType = sourcecode.swift; path = ApiService.swift; sourceTree = "<group>"; };
		529861ED28455A9C009C1E3B /* EventsDto.swift */ = {isa = PBXFileReference; lastKnownFileType = sourcecode.swift; path = EventsDto.swift; sourceTree = "<group>"; };
		52A2384D2A4B7D3B004799E8 /* NewsFeedView.swift */ = {isa = PBXFileReference; lastKnownFileType = sourcecode.swift; path = NewsFeedView.swift; sourceTree = "<group>"; };
		52A238542A4B8766004799E8 /* NewsFeedService.swift */ = {isa = PBXFileReference; lastKnownFileType = sourcecode.swift; path = NewsFeedService.swift; sourceTree = "<group>"; };
		52A238562A4BF764004799E8 /* NewsFeedViewModel.swift */ = {isa = PBXFileReference; lastKnownFileType = sourcecode.swift; path = NewsFeedViewModel.swift; sourceTree = "<group>"; };
		52A238582A4BF866004799E8 /* NewsFeedCellView.swift */ = {isa = PBXFileReference; lastKnownFileType = sourcecode.swift; path = NewsFeedCellView.swift; sourceTree = "<group>"; };
		52A2385C2A4BF8A6004799E8 /* NewsFeedCellViewModel.swift */ = {isa = PBXFileReference; lastKnownFileType = sourcecode.swift; path = NewsFeedCellViewModel.swift; sourceTree = "<group>"; };
		52A2385E2A4C1203004799E8 /* NewsFeedRepository.swift */ = {isa = PBXFileReference; lastKnownFileType = sourcecode.swift; path = NewsFeedRepository.swift; sourceTree = "<group>"; };
		52A238602A4C1262004799E8 /* MockNewsFeedService.swift */ = {isa = PBXFileReference; lastKnownFileType = sourcecode.swift; path = MockNewsFeedService.swift; sourceTree = "<group>"; };
		52A238632A4C1FE7004799E8 /* NewsFeedArticleView.swift */ = {isa = PBXFileReference; lastKnownFileType = sourcecode.swift; path = NewsFeedArticleView.swift; sourceTree = "<group>"; };
		52A238652A4C2019004799E8 /* NewsFeedArticleViewRepresentable.swift */ = {isa = PBXFileReference; lastKnownFileType = sourcecode.swift; path = NewsFeedArticleViewRepresentable.swift; sourceTree = "<group>"; };
		52A238682A4E1910004799E8 /* RadioView.swift */ = {isa = PBXFileReference; lastKnownFileType = sourcecode.swift; path = RadioView.swift; sourceTree = "<group>"; };
		52A2386A2A4E1923004799E8 /* RadioViewViewModel.swift */ = {isa = PBXFileReference; lastKnownFileType = sourcecode.swift; path = RadioViewViewModel.swift; sourceTree = "<group>"; };
		52A238782A575D0C004799E8 /* CampusMapViewModel.swift */ = {isa = PBXFileReference; lastKnownFileType = sourcecode.swift; path = CampusMapViewModel.swift; sourceTree = "<group>"; };
		52A2387A2A5E086F004799E8 /* WebViewDelegate.swift */ = {isa = PBXFileReference; lastKnownFileType = sourcecode.swift; path = WebViewDelegate.swift; sourceTree = "<group>"; };
		52BC04052A09A267005F93BF /* MockEventsData.json */ = {isa = PBXFileReference; lastKnownFileType = text.json; path = MockEventsData.json; sourceTree = "<group>"; };
		52C3CFE02A294818001DF1D1 /* GoogleService-Info.plist */ = {isa = PBXFileReference; fileEncoding = 4; lastKnownFileType = text.plist.xml; path = "GoogleService-Info.plist"; sourceTree = "<group>"; };
		52F1F65B2A304CFB00F9CF3B /* WhatIsOpenRepository.swift */ = {isa = PBXFileReference; lastKnownFileType = sourcecode.swift; path = WhatIsOpenRepository.swift; sourceTree = "<group>"; };
		52F1F65D2A304D0300F9CF3B /* WhatIsOpenService.swift */ = {isa = PBXFileReference; lastKnownFileType = sourcecode.swift; path = WhatIsOpenService.swift; sourceTree = "<group>"; };
		52F56AE72A3295C60046A999 /* MockWhatsOpenData.swift */ = {isa = PBXFileReference; lastKnownFileType = sourcecode.swift; path = MockWhatsOpenData.swift; sourceTree = "<group>"; };
		52F56AE92A32970B0046A999 /* WhatIsOpenCategories.swift */ = {isa = PBXFileReference; lastKnownFileType = sourcecode.swift; path = WhatIsOpenCategories.swift; sourceTree = "<group>"; };
		52F56AEB2A32981F0046A999 /* StringProtocol+Subscript.swift */ = {isa = PBXFileReference; lastKnownFileType = sourcecode.swift; path = "StringProtocol+Subscript.swift"; sourceTree = "<group>"; };
		52F56AED2A3298670046A999 /* Array+SafeSubscript.swift */ = {isa = PBXFileReference; lastKnownFileType = sourcecode.swift; path = "Array+SafeSubscript.swift"; sourceTree = "<group>"; };
		52F56AEF2A329D5F0046A999 /* MockWhatIsOpenService.swift */ = {isa = PBXFileReference; lastKnownFileType = sourcecode.swift; path = MockWhatIsOpenService.swift; sourceTree = "<group>"; };
/* End PBXFileReference section */

/* Begin PBXFrameworksBuildPhase section */
		529861B3284553BA009C1E3B /* Frameworks */ = {
			isa = PBXFrameworksBuildPhase;
			buildActionMask = 2147483647;
			files = (
				52463EDF2A3AC76B007BF9B1 /* Collections in Frameworks */,
				52463EE12A3AC76B007BF9B1 /* DequeModule in Frameworks */,
				52463EE62A3AC7C6007BF9B1 /* FirebaseAnalytics in Frameworks */,
				52A238532A4B86A7004799E8 /* FeedKit in Frameworks */,
				52463EE32A3AC76B007BF9B1 /* OrderedCollections in Frameworks */,
				52463EE82A3AC7C6007BF9B1 /* FirebaseAnalyticsSwift in Frameworks */,
			);
			runOnlyForDeploymentPostprocessing = 0;
		};
		529861C3284553BC009C1E3B /* Frameworks */ = {
			isa = PBXFrameworksBuildPhase;
			buildActionMask = 2147483647;
			files = (
			);
			runOnlyForDeploymentPostprocessing = 0;
		};
		529861CD284553BC009C1E3B /* Frameworks */ = {
			isa = PBXFrameworksBuildPhase;
			buildActionMask = 2147483647;
			files = (
			);
			runOnlyForDeploymentPostprocessing = 0;
		};
/* End PBXFrameworksBuildPhase section */

/* Begin PBXGroup section */
		52131E5F28B54E33006C3094 /* EventsListViewModels */ = {
			isa = PBXGroup;
			children = (
				52463F002A3BC603007BF9B1 /* EventsListViewModel.swift */,
				52463F072A3BCA1E007BF9B1 /* EventsListSectionViewModel.swift */,
				52463F032A3BC71C007BF9B1 /* EventsListCellViewModel.swift */,
			);
			path = EventsListViewModels;
			sourceTree = "<group>";
		};
		52131E6828B96C91006C3094 /* Extension */ = {
			isa = PBXGroup;
			children = (
				52131E6928B96CC5006C3094 /* Color+ApplicationDefaults.swift */,
				52F56AEB2A32981F0046A999 /* StringProtocol+Subscript.swift */,
				52F56AED2A3298670046A999 /* Array+SafeSubscript.swift */,
				52463ED42A37B5AE007BF9B1 /* Date+DayOfWeek.swift */,
				526221022A4228E10029FDAD /* URLSession+genericDataTaskPublisher.swift */,
			);
			path = Extension;
			sourceTree = "<group>";
		};
		52131E6B28B97B42006C3094 /* Resources */ = {
			isa = PBXGroup;
			children = (
				529861BF284553BC009C1E3B /* Preview Content */,
				529861BD284553BC009C1E3B /* Assets.xcassets */,
				52C3CFE02A294818001DF1D1 /* GoogleService-Info.plist */,
				52131E3B28B30762006C3094 /* EventsModel.xcdatamodeld */,
			);
			path = Resources;
			sourceTree = "<group>";
		};
		52131E6C28B97D5C006C3094 /* Helper */ = {
			isa = PBXGroup;
			children = (
				52131E6D28B97D6E006C3094 /* PersistentContainerHelper.swift */,
			);
			path = Helper;
			sourceTree = "<group>";
		};
		52153BB728AF639F007F4812 /* MockRepository */ = {
			isa = PBXGroup;
			children = (
				52153BB828AF63B2007F4812 /* MockEventsService.swift */,
				52F56AEF2A329D5F0046A999 /* MockWhatIsOpenService.swift */,
				52A238602A4C1262004799E8 /* MockNewsFeedService.swift */,
			);
			path = MockRepository;
			sourceTree = "<group>";
		};
		52153BBF28AF6743007F4812 /* MockModelData */ = {
			isa = PBXGroup;
			children = (
				52153BBD28AF6584007F4812 /* MockEventsModelData.swift */,
				52F56AE72A3295C60046A999 /* MockWhatsOpenData.swift */,
			);
			path = MockModelData;
			sourceTree = "<group>";
		};
		52460AEA2A62724F008714EF /* ViewRepresentable */ = {
			isa = PBXGroup;
			children = (
				52460AEB2A62726D008714EF /* WhatIsOpenMapViewRepresentable.swift */,
			);
			path = ViewRepresentable;
			sourceTree = "<group>";
		};
		52460AED2A69E6CD008714EF /* Model */ = {
			isa = PBXGroup;
			children = (
				52460AEF2A69E6EF008714EF /* RssArticleModel.swift */,
				52460AF12A69E711008714EF /* RssLoadingError.swift */,
			);
			path = Model;
			sourceTree = "<group>";
		};
		52460AEE2A69E6D4008714EF /* Service */ = {
			isa = PBXGroup;
			children = (
				52A2385E2A4C1203004799E8 /* NewsFeedRepository.swift */,
				52A238542A4B8766004799E8 /* NewsFeedService.swift */,
			);
			path = Service;
			sourceTree = "<group>";
		};
		52463ECF2A35560E007BF9B1 /* Enums */ = {
			isa = PBXGroup;
			children = (
				52F56AE92A32970B0046A999 /* WhatIsOpenCategories.swift */,
				52463ED82A381C5E007BF9B1 /* WhatIsOpenViewType.swift */,
				52463ED02A35563C007BF9B1 /* WoosmapDays.swift */,
			);
			path = Enums;
			sourceTree = "<group>";
		};
		52463EE92A3AEA0C007BF9B1 /* Views */ = {
			isa = PBXGroup;
			children = (
				5289CEB02A16D57100E51257 /* WhatIsOpenView.swift */,
				52460AE42A611079008714EF /* WhatIsOpenIssueReportingView.swift */,
				52463ED62A380F20007BF9B1 /* WhatIsOpenSubViews.swift */,
				52460AE62A62718B008714EF /* WhatIsOpenMapView.swift */,
			);
			path = Views;
			sourceTree = "<group>";
		};
		52463EEA2A3AEA16007BF9B1 /* ViewModels */ = {
			isa = PBXGroup;
			children = (
				5289CEB22A16D57C00E51257 /* WhatIsOpenViewModel.swift */,
				52463EDB2A38DBDC007BF9B1 /* WhatIsOpenSubViewModels.swift */,
				52460AE82A6271CA008714EF /* WhatIsOpenMapViewModel.swift */,
			);
			path = ViewModels;
			sourceTree = "<group>";
		};
		52463EEB2A3AEA2A007BF9B1 /* Models */ = {
			isa = PBXGroup;
			children = (
				5201D6892A30051100B1F939 /* WhatIsOpenDto.swift */,
				52463ED22A36F11D007BF9B1 /* WhatIsOpenPlace.swift */,
			);
			path = Models;
			sourceTree = "<group>";
		};
		52463F022A3BC624007BF9B1 /* EventsListViews */ = {
			isa = PBXGroup;
			children = (
				52463EFC2A3BC55E007BF9B1 /* EventsListView.swift */,
				52463F052A3BCA11007BF9B1 /* EventsListSectionView.swift */,
				52463EFE2A3BC59A007BF9B1 /* EventsListCellView.swift */,
			);
			path = EventsListViews;
			sourceTree = "<group>";
		};
		52463F092A3C269A007BF9B1 /* NonCoreDataModels */ = {
			isa = PBXGroup;
			children = (
				52463F0A2A3C26C8007BF9B1 /* IMEvent.swift */,
				52463F0E2A3C26E5007BF9B1 /* IMEventFilter.swift */,
				52463F102A3C26F9007BF9B1 /* IMEventLocation.swift */,
			);
			path = NonCoreDataModels;
			sourceTree = "<group>";
		};
		52463F122A3E7B39007BF9B1 /* Error Handling */ = {
			isa = PBXGroup;
			children = (
				52463F132A3E7B4E007BF9B1 /* BannerModifier.swift */,
				526220F12A3F8A880029FDAD /* EventsServiceErrorEnum.swift */,
				526220F32A3F8AA40029FDAD /* APIErrorEnum.swift */,
			);
			path = "Error Handling";
			sourceTree = "<group>";
		};
		525538EE2A0DA606004BD415 /* Mocks */ = {
			isa = PBXGroup;
			children = (
				52153BB728AF639F007F4812 /* MockRepository */,
				52153BBF28AF6743007F4812 /* MockModelData */,
			);
			path = Mocks;
			sourceTree = "<group>";
		};
		526220F52A3FF2440029FDAD /* EventKit */ = {
			isa = PBXGroup;
			children = (
				526220F62A3FF2910029FDAD /* EventKitViewController.swift */,
				526220FF2A4173540029FDAD /* ReminderService.swift */,
			);
			path = EventKit;
			sourceTree = "<group>";
		};
		526221042A4261DB0029FDAD /* CampusMap */ = {
			isa = PBXGroup;
			children = (
				526221072A4263BD0029FDAD /* CampusMapView.swift */,
				526221052A4261F90029FDAD /* CampusMapWebViewRepresentable.swift */,
				52A238782A575D0C004799E8 /* CampusMapViewModel.swift */,
			);
			path = CampusMap;
			sourceTree = "<group>";
		};
		5262210B2A4503EC0029FDAD /* InformationView */ = {
			isa = PBXGroup;
			children = (
				5262210C2A45040B0029FDAD /* InformationView.swift */,
			);
			path = InformationView;
			sourceTree = "<group>";
		};
		5274097A2A1D317C00C64353 /* Frameworks */ = {
			isa = PBXGroup;
			children = (
			);
			name = Frameworks;
			sourceTree = "<group>";
		};
		5274DC98289DFE560069D5A5 /* DependencyInjection */ = {
			isa = PBXGroup;
			children = (
				528A2A1C2849C9A30035F416 /* Injector.swift */,
				528A2A1E2849CA6E0035F416 /* ViewModelFactory.swift */,
			);
			path = DependencyInjection;
			sourceTree = "<group>";
		};
		5289CEAC2A16D04300E51257 /* Events */ = {
			isa = PBXGroup;
			children = (
				529861E7284554C7009C1E3B /* Models */,
				529861E8284554CB009C1E3B /* ViewModels */,
				529861E6284554C1009C1E3B /* Views */,
				526220F52A3FF2440029FDAD /* EventKit */,
				529861E3284553DB009C1E3B /* Repository */,
			);
			path = Events;
			sourceTree = "<group>";
		};
		5289CEAF2A16D54B00E51257 /* WhatIsOpen */ = {
			isa = PBXGroup;
			children = (
				52463ECF2A35560E007BF9B1 /* Enums */,
				52463EEB2A3AEA2A007BF9B1 /* Models */,
				52460AEA2A62724F008714EF /* ViewRepresentable */,
				52463EE92A3AEA0C007BF9B1 /* Views */,
				52463EEA2A3AEA16007BF9B1 /* ViewModels */,
				52F1F65A2A304CE800F9CF3B /* Repository */,
			);
			path = WhatIsOpen;
			sourceTree = "<group>";
		};
		529861AD284553BA009C1E3B = {
			isa = PBXGroup;
			children = (
				529861B8284553BA009C1E3B /* UOKiosk */,
				529861C9284553BC009C1E3B /* UOKioskTests */,
				529861D3284553BC009C1E3B /* UOKioskUITests */,
				529861B7284553BA009C1E3B /* Products */,
				5274097A2A1D317C00C64353 /* Frameworks */,
			);
			sourceTree = "<group>";
		};
		529861B7284553BA009C1E3B /* Products */ = {
			isa = PBXGroup;
			children = (
				529861B6284553BA009C1E3B /* UOKiosk.app */,
				529861C6284553BC009C1E3B /* UOKioskTests.xctest */,
				529861D0284553BC009C1E3B /* UOKioskUITests.xctest */,
			);
			name = Products;
			sourceTree = "<group>";
		};
		529861B8284553BA009C1E3B /* UOKiosk */ = {
			isa = PBXGroup;
			children = (
				52153BB528AF5EE7007F4812 /* Documentation.docc */,
				529861B9284553BA009C1E3B /* UOKioskApp.swift */,
				529861E92845587C009C1E3B /* TabMenuView.swift */,
				52A2387A2A5E086F004799E8 /* WebViewDelegate.swift */,
				5262210B2A4503EC0029FDAD /* InformationView */,
				5289CEAC2A16D04300E51257 /* Events */,
				5289CEAF2A16D54B00E51257 /* WhatIsOpen */,
				526221042A4261DB0029FDAD /* CampusMap */,
				52A2384C2A4B7D2B004799E8 /* NewsFeed */,
				52A238672A4E1901004799E8 /* Radio */,
				5274DC98289DFE560069D5A5 /* DependencyInjection */,
				529861E4284553E3009C1E3B /* Services */,
				52131E6B28B97B42006C3094 /* Resources */,
				52463F122A3E7B39007BF9B1 /* Error Handling */,
				52131E6828B96C91006C3094 /* Extension */,
			);
			path = UOKiosk;
			sourceTree = "<group>";
		};
		529861BF284553BC009C1E3B /* Preview Content */ = {
			isa = PBXGroup;
			children = (
				529861C0284553BC009C1E3B /* Preview Assets.xcassets */,
				52BC04052A09A267005F93BF /* MockEventsData.json */,
			);
			path = "Preview Content";
			sourceTree = "<group>";
		};
		529861C9284553BC009C1E3B /* UOKioskTests */ = {
			isa = PBXGroup;
			children = (
				529861CA284553BC009C1E3B /* UOKioskTests.swift */,
				525538EB2A0D9979004BD415 /* EventsViewModelTests.swift */,
				525538EE2A0DA606004BD415 /* Mocks */,
				525538E92A0C4CE3004BD415 /* MockApiService.swift */,
				52131E6C28B97D5C006C3094 /* Helper */,
			);
			path = UOKioskTests;
			sourceTree = "<group>";
		};
		529861D3284553BC009C1E3B /* UOKioskUITests */ = {
			isa = PBXGroup;
			children = (
				529861D4284553BC009C1E3B /* UOKioskUITests.swift */,
				529861D6284553BC009C1E3B /* UOKioskUITestsLaunchTests.swift */,
			);
			path = UOKioskUITests;
			sourceTree = "<group>";
		};
		529861E3284553DB009C1E3B /* Repository */ = {
			isa = PBXGroup;
			children = (
				52463EF82A3BC443007BF9B1 /* EventsRepository.swift */,
				52463EFA2A3BC452007BF9B1 /* EventsService.swift */,
			);
			path = Repository;
			sourceTree = "<group>";
		};
		529861E4284553E3009C1E3B /* Services */ = {
			isa = PBXGroup;
			children = (
				529861EB284558CD009C1E3B /* ApiService.swift */,
			);
			path = Services;
			sourceTree = "<group>";
		};
		529861E5284553EC009C1E3B /* DataTransferObjects */ = {
			isa = PBXGroup;
			children = (
				529861ED28455A9C009C1E3B /* EventsDto.swift */,
			);
			path = DataTransferObjects;
			sourceTree = "<group>";
		};
		529861E6284554C1009C1E3B /* Views */ = {
			isa = PBXGroup;
			children = (
				52463F022A3BC624007BF9B1 /* EventsListViews */,
				52153BAF28AE08EE007F4812 /* EventDetailView.swift */,
			);
			path = Views;
			sourceTree = "<group>";
		};
		529861E7284554C7009C1E3B /* Models */ = {
			isa = PBXGroup;
			children = (
				529861E5284553EC009C1E3B /* DataTransferObjects */,
				52463F092A3C269A007BF9B1 /* NonCoreDataModels */,
				52131E4428B31E85006C3094 /* Event.swift */,
				52131E5428B34AC0006C3094 /* Event+CoreDataProperties.swift */,
				52131E4228B31E85006C3094 /* EventFilter.swift */,
				5289CEAD2A16D43F00E51257 /* EventFilter+CoreDataProperties.swift */,
				52131E4028B31E85006C3094 /* EventLocation.swift */,
				52131E5228B34AC0006C3094 /* EventLocation+CoreDataProperties.swift */,
			);
			path = Models;
			sourceTree = "<group>";
		};
		529861E8284554CB009C1E3B /* ViewModels */ = {
			isa = PBXGroup;
			children = (
				52131E5F28B54E33006C3094 /* EventsListViewModels */,
				52153BB128AE09ED007F4812 /* EventDetailViewModel.swift */,
			);
			path = ViewModels;
			sourceTree = "<group>";
		};
		52A2384C2A4B7D2B004799E8 /* NewsFeed */ = {
			isa = PBXGroup;
			children = (
				52A2385B2A4BF87C004799E8 /* View */,
				52A2385A2A4BF873004799E8 /* ViewModel */,
				52460AED2A69E6CD008714EF /* Model */,
				52460AEE2A69E6D4008714EF /* Service */,
			);
			path = NewsFeed;
			sourceTree = "<group>";
		};
		52A2385A2A4BF873004799E8 /* ViewModel */ = {
			isa = PBXGroup;
			children = (
				52A238562A4BF764004799E8 /* NewsFeedViewModel.swift */,
				52A2385C2A4BF8A6004799E8 /* NewsFeedCellViewModel.swift */,
			);
			path = ViewModel;
			sourceTree = "<group>";
		};
		52A2385B2A4BF87C004799E8 /* View */ = {
			isa = PBXGroup;
			children = (
				52A2384D2A4B7D3B004799E8 /* NewsFeedView.swift */,
				52A238582A4BF866004799E8 /* NewsFeedCellView.swift */,
				52A238632A4C1FE7004799E8 /* NewsFeedArticleView.swift */,
				52A238652A4C2019004799E8 /* NewsFeedArticleViewRepresentable.swift */,
			);
			path = View;
			sourceTree = "<group>";
		};
		52A238672A4E1901004799E8 /* Radio */ = {
			isa = PBXGroup;
			children = (
				52A238682A4E1910004799E8 /* RadioView.swift */,
				52A2386A2A4E1923004799E8 /* RadioViewViewModel.swift */,
			);
			path = Radio;
			sourceTree = "<group>";
		};
		52F1F65A2A304CE800F9CF3B /* Repository */ = {
			isa = PBXGroup;
			children = (
				52F1F65B2A304CFB00F9CF3B /* WhatIsOpenRepository.swift */,
				52F1F65D2A304D0300F9CF3B /* WhatIsOpenService.swift */,
			);
			path = Repository;
			sourceTree = "<group>";
		};
/* End PBXGroup section */

/* Begin PBXNativeTarget section */
		529861B5284553BA009C1E3B /* UOKiosk */ = {
			isa = PBXNativeTarget;
			buildConfigurationList = 529861DA284553BC009C1E3B /* Build configuration list for PBXNativeTarget "UOKiosk" */;
			buildPhases = (
				529861B2284553BA009C1E3B /* Sources */,
				529861B3284553BA009C1E3B /* Frameworks */,
				529861B4284553BA009C1E3B /* Resources */,
			);
			buildRules = (
			);
			dependencies = (
			);
			name = UOKiosk;
			packageProductDependencies = (
				52463EDE2A3AC76B007BF9B1 /* Collections */,
				52463EE02A3AC76B007BF9B1 /* DequeModule */,
				52463EE22A3AC76B007BF9B1 /* OrderedCollections */,
				52463EE52A3AC7C6007BF9B1 /* FirebaseAnalytics */,
				52463EE72A3AC7C6007BF9B1 /* FirebaseAnalyticsSwift */,
				52A238522A4B86A7004799E8 /* FeedKit */,
			);
			productName = UOKiosk;
			productReference = 529861B6284553BA009C1E3B /* UOKiosk.app */;
			productType = "com.apple.product-type.application";
		};
		529861C5284553BC009C1E3B /* UOKioskTests */ = {
			isa = PBXNativeTarget;
			buildConfigurationList = 529861DD284553BC009C1E3B /* Build configuration list for PBXNativeTarget "UOKioskTests" */;
			buildPhases = (
				529861C2284553BC009C1E3B /* Sources */,
				529861C3284553BC009C1E3B /* Frameworks */,
				529861C4284553BC009C1E3B /* Resources */,
			);
			buildRules = (
			);
			dependencies = (
				529861C8284553BC009C1E3B /* PBXTargetDependency */,
			);
			name = UOKioskTests;
			productName = UOKioskTests;
			productReference = 529861C6284553BC009C1E3B /* UOKioskTests.xctest */;
			productType = "com.apple.product-type.bundle.unit-test";
		};
		529861CF284553BC009C1E3B /* UOKioskUITests */ = {
			isa = PBXNativeTarget;
			buildConfigurationList = 529861E0284553BC009C1E3B /* Build configuration list for PBXNativeTarget "UOKioskUITests" */;
			buildPhases = (
				529861CC284553BC009C1E3B /* Sources */,
				529861CD284553BC009C1E3B /* Frameworks */,
				529861CE284553BC009C1E3B /* Resources */,
			);
			buildRules = (
			);
			dependencies = (
				529861D2284553BC009C1E3B /* PBXTargetDependency */,
			);
			name = UOKioskUITests;
			productName = UOKioskUITests;
			productReference = 529861D0284553BC009C1E3B /* UOKioskUITests.xctest */;
			productType = "com.apple.product-type.bundle.ui-testing";
		};
/* End PBXNativeTarget section */

/* Begin PBXProject section */
		529861AE284553BA009C1E3B /* Project object */ = {
			isa = PBXProject;
			attributes = {
				BuildIndependentTargetsInParallel = 1;
				LastSwiftUpdateCheck = 1330;
				LastUpgradeCheck = 1500;
				TargetAttributes = {
					529861B5284553BA009C1E3B = {
						CreatedOnToolsVersion = 13.3.1;
					};
					529861C5284553BC009C1E3B = {
						CreatedOnToolsVersion = 13.3.1;
						TestTargetID = 529861B5284553BA009C1E3B;
					};
					529861CF284553BC009C1E3B = {
						CreatedOnToolsVersion = 13.3.1;
						TestTargetID = 529861B5284553BA009C1E3B;
					};
				};
			};
			buildConfigurationList = 529861B1284553BA009C1E3B /* Build configuration list for PBXProject "UOKiosk" */;
			compatibilityVersion = "Xcode 13.0";
			developmentRegion = en;
			hasScannedForEncodings = 0;
			knownRegions = (
				en,
				Base,
			);
			mainGroup = 529861AD284553BA009C1E3B;
			packageReferences = (
				52463EDD2A3AC76B007BF9B1 /* XCRemoteSwiftPackageReference "swift-collections" */,
				52463EE42A3AC7C6007BF9B1 /* XCRemoteSwiftPackageReference "firebase-ios-sdk" */,
				52A238512A4B86A7004799E8 /* XCRemoteSwiftPackageReference "FeedKit" */,
			);
			productRefGroup = 529861B7284553BA009C1E3B /* Products */;
			projectDirPath = "";
			projectRoot = "";
			targets = (
				529861B5284553BA009C1E3B /* UOKiosk */,
				529861C5284553BC009C1E3B /* UOKioskTests */,
				529861CF284553BC009C1E3B /* UOKioskUITests */,
			);
		};
/* End PBXProject section */

/* Begin PBXResourcesBuildPhase section */
		529861B4284553BA009C1E3B /* Resources */ = {
			isa = PBXResourcesBuildPhase;
			buildActionMask = 2147483647;
			files = (
				52BC04062A09A267005F93BF /* MockEventsData.json in Resources */,
				52C3CFE12A294819001DF1D1 /* GoogleService-Info.plist in Resources */,
				529861C1284553BC009C1E3B /* Preview Assets.xcassets in Resources */,
				529861BE284553BC009C1E3B /* Assets.xcassets in Resources */,
			);
			runOnlyForDeploymentPostprocessing = 0;
		};
		529861C4284553BC009C1E3B /* Resources */ = {
			isa = PBXResourcesBuildPhase;
			buildActionMask = 2147483647;
			files = (
			);
			runOnlyForDeploymentPostprocessing = 0;
		};
		529861CE284553BC009C1E3B /* Resources */ = {
			isa = PBXResourcesBuildPhase;
			buildActionMask = 2147483647;
			files = (
			);
			runOnlyForDeploymentPostprocessing = 0;
		};
/* End PBXResourcesBuildPhase section */

/* Begin PBXSourcesBuildPhase section */
		529861B2284553BA009C1E3B /* Sources */ = {
			isa = PBXSourcesBuildPhase;
			buildActionMask = 2147483647;
			files = (
				52F56AEE2A3298670046A999 /* Array+SafeSubscript.swift in Sources */,
				52131E6A28B96CC5006C3094 /* Color+ApplicationDefaults.swift in Sources */,
				529861BA284553BA009C1E3B /* UOKioskApp.swift in Sources */,
				52153BB228AE09EE007F4812 /* EventDetailViewModel.swift in Sources */,
				52463F0F2A3C26E5007BF9B1 /* IMEventFilter.swift in Sources */,
				52463EFB2A3BC452007BF9B1 /* EventsService.swift in Sources */,
				526220F42A3F8AA40029FDAD /* APIErrorEnum.swift in Sources */,
				52463EDC2A38DBDC007BF9B1 /* WhatIsOpenSubViewModels.swift in Sources */,
				52463F082A3BCA1E007BF9B1 /* EventsListSectionViewModel.swift in Sources */,
				5289CEB12A16D57100E51257 /* WhatIsOpenView.swift in Sources */,
				529861EA2845587C009C1E3B /* TabMenuView.swift in Sources */,
				52A238642A4C1FE7004799E8 /* NewsFeedArticleView.swift in Sources */,
				52F56AEA2A32970B0046A999 /* WhatIsOpenCategories.swift in Sources */,
				52463F012A3BC603007BF9B1 /* EventsListViewModel.swift in Sources */,
				52463ED32A36F11D007BF9B1 /* WhatIsOpenPlace.swift in Sources */,
				52460AE92A6271CA008714EF /* WhatIsOpenMapViewModel.swift in Sources */,
				5201D68A2A30051100B1F939 /* WhatIsOpenDto.swift in Sources */,
				52A238792A575D0C004799E8 /* CampusMapViewModel.swift in Sources */,
				52463ED92A381C5E007BF9B1 /* WhatIsOpenViewType.swift in Sources */,
				52463ED72A380F20007BF9B1 /* WhatIsOpenSubViews.swift in Sources */,
				52131E5A28B34AC0006C3094 /* EventLocation+CoreDataProperties.swift in Sources */,
				52A2386B2A4E1923004799E8 /* RadioViewViewModel.swift in Sources */,
				529861EE28455A9C009C1E3B /* EventsDto.swift in Sources */,
				52131E4C28B31E85006C3094 /* Event.swift in Sources */,
				528A2A1D2849C9A30035F416 /* Injector.swift in Sources */,
				52131E4828B31E85006C3094 /* EventLocation.swift in Sources */,
				52460AE52A611079008714EF /* WhatIsOpenIssueReportingView.swift in Sources */,
				526220F72A3FF2910029FDAD /* EventKitViewController.swift in Sources */,
				52153BBE28AF6584007F4812 /* MockEventsModelData.swift in Sources */,
				528A2A1F2849CA6E0035F416 /* ViewModelFactory.swift in Sources */,
				52131E5C28B34AC0006C3094 /* Event+CoreDataProperties.swift in Sources */,
				52463EF92A3BC443007BF9B1 /* EventsRepository.swift in Sources */,
				52153BB628AF5EE8007F4812 /* Documentation.docc in Sources */,
				52460AE72A62718B008714EF /* WhatIsOpenMapView.swift in Sources */,
				526221032A4228E10029FDAD /* URLSession+genericDataTaskPublisher.swift in Sources */,
				526221082A4263BD0029FDAD /* CampusMapView.swift in Sources */,
				52F1F65E2A304D0300F9CF3B /* WhatIsOpenService.swift in Sources */,
				52A2385D2A4BF8A6004799E8 /* NewsFeedCellViewModel.swift in Sources */,
				52A2385F2A4C1203004799E8 /* NewsFeedRepository.swift in Sources */,
				52153BB028AE08EF007F4812 /* EventDetailView.swift in Sources */,
				52F1F65C2A304CFB00F9CF3B /* WhatIsOpenRepository.swift in Sources */,
				52A2387B2A5E086F004799E8 /* WebViewDelegate.swift in Sources */,
				5289CEAE2A16D43F00E51257 /* EventFilter+CoreDataProperties.swift in Sources */,
				52463ED12A35563C007BF9B1 /* WoosmapDays.swift in Sources */,
				52463ED52A37B5AE007BF9B1 /* Date+DayOfWeek.swift in Sources */,
				52A238622A4C1274004799E8 /* MockNewsFeedService.swift in Sources */,
				52131E4A28B31E85006C3094 /* EventFilter.swift in Sources */,
				526220F22A3F8A880029FDAD /* EventsServiceErrorEnum.swift in Sources */,
				5289CEB32A16D57C00E51257 /* WhatIsOpenViewModel.swift in Sources */,
				52463F142A3E7B4E007BF9B1 /* BannerModifier.swift in Sources */,
				52463EFF2A3BC59A007BF9B1 /* EventsListCellView.swift in Sources */,
				52463F112A3C26F9007BF9B1 /* IMEventLocation.swift in Sources */,
				52460AF22A69E711008714EF /* RssLoadingError.swift in Sources */,
				52F56AEC2A32981F0046A999 /* StringProtocol+Subscript.swift in Sources */,
				52A238552A4B8766004799E8 /* NewsFeedService.swift in Sources */,
				529861EC284558CD009C1E3B /* ApiService.swift in Sources */,
				52463EFD2A3BC55E007BF9B1 /* EventsListView.swift in Sources */,
				52463F0B2A3C26C8007BF9B1 /* IMEvent.swift in Sources */,
				52460AEC2A62726D008714EF /* WhatIsOpenMapViewRepresentable.swift in Sources */,
				52A238572A4BF764004799E8 /* NewsFeedViewModel.swift in Sources */,
				52460AF02A69E6EF008714EF /* RssArticleModel.swift in Sources */,
				52A238692A4E1910004799E8 /* RadioView.swift in Sources */,
				52463F062A3BCA11007BF9B1 /* EventsListSectionView.swift in Sources */,
				52F56AF12A329D800046A999 /* MockWhatIsOpenService.swift in Sources */,
				52A2384E2A4B7D3B004799E8 /* NewsFeedView.swift in Sources */,
				52463F042A3BC71C007BF9B1 /* EventsListCellViewModel.swift in Sources */,
				52131E3D28B30762006C3094 /* EventsModel.xcdatamodeld in Sources */,
				52A238592A4BF866004799E8 /* NewsFeedCellView.swift in Sources */,
				526221062A4261F90029FDAD /* CampusMapWebViewRepresentable.swift in Sources */,
				5262210D2A45040B0029FDAD /* InformationView.swift in Sources */,
				52A238662A4C2019004799E8 /* NewsFeedArticleViewRepresentable.swift in Sources */,
				52153BB928AF63B2007F4812 /* MockEventsService.swift in Sources */,
				526221002A4173540029FDAD /* ReminderService.swift in Sources */,
			);
			runOnlyForDeploymentPostprocessing = 0;
		};
		529861C2284553BC009C1E3B /* Sources */ = {
			isa = PBXSourcesBuildPhase;
			buildActionMask = 2147483647;
			files = (
				52F56AE82A3295C60046A999 /* MockWhatsOpenData.swift in Sources */,
				525538ED2A0DA5D1004BD415 /* MockApiService.swift in Sources */,
				52131E6E28B97D6E006C3094 /* PersistentContainerHelper.swift in Sources */,
				525538EC2A0D9979004BD415 /* EventsViewModelTests.swift in Sources */,
				529861CB284553BC009C1E3B /* UOKioskTests.swift in Sources */,
			);
			runOnlyForDeploymentPostprocessing = 0;
		};
		529861CC284553BC009C1E3B /* Sources */ = {
			isa = PBXSourcesBuildPhase;
			buildActionMask = 2147483647;
			files = (
				529861D7284553BC009C1E3B /* UOKioskUITestsLaunchTests.swift in Sources */,
				529861D5284553BC009C1E3B /* UOKioskUITests.swift in Sources */,
			);
			runOnlyForDeploymentPostprocessing = 0;
		};
/* End PBXSourcesBuildPhase section */

/* Begin PBXTargetDependency section */
		529861C8284553BC009C1E3B /* PBXTargetDependency */ = {
			isa = PBXTargetDependency;
			target = 529861B5284553BA009C1E3B /* UOKiosk */;
			targetProxy = 529861C7284553BC009C1E3B /* PBXContainerItemProxy */;
		};
		529861D2284553BC009C1E3B /* PBXTargetDependency */ = {
			isa = PBXTargetDependency;
			target = 529861B5284553BA009C1E3B /* UOKiosk */;
			targetProxy = 529861D1284553BC009C1E3B /* PBXContainerItemProxy */;
		};
/* End PBXTargetDependency section */

/* Begin XCBuildConfiguration section */
		529861D8284553BC009C1E3B /* Debug */ = {
			isa = XCBuildConfiguration;
			buildSettings = {
				ALWAYS_SEARCH_USER_PATHS = NO;
				CLANG_ANALYZER_NONNULL = YES;
				CLANG_ANALYZER_NUMBER_OBJECT_CONVERSION = YES_AGGRESSIVE;
				CLANG_CXX_LANGUAGE_STANDARD = "gnu++17";
				CLANG_ENABLE_MODULES = YES;
				CLANG_ENABLE_OBJC_ARC = YES;
				CLANG_ENABLE_OBJC_WEAK = YES;
				CLANG_WARN_BLOCK_CAPTURE_AUTORELEASING = YES;
				CLANG_WARN_BOOL_CONVERSION = YES;
				CLANG_WARN_COMMA = YES;
				CLANG_WARN_CONSTANT_CONVERSION = YES;
				CLANG_WARN_DEPRECATED_OBJC_IMPLEMENTATIONS = YES;
				CLANG_WARN_DIRECT_OBJC_ISA_USAGE = YES_ERROR;
				CLANG_WARN_DOCUMENTATION_COMMENTS = YES;
				CLANG_WARN_EMPTY_BODY = YES;
				CLANG_WARN_ENUM_CONVERSION = YES;
				CLANG_WARN_INFINITE_RECURSION = YES;
				CLANG_WARN_INT_CONVERSION = YES;
				CLANG_WARN_NON_LITERAL_NULL_CONVERSION = YES;
				CLANG_WARN_OBJC_IMPLICIT_RETAIN_SELF = YES;
				CLANG_WARN_OBJC_LITERAL_CONVERSION = YES;
				CLANG_WARN_OBJC_ROOT_CLASS = YES_ERROR;
				CLANG_WARN_QUOTED_INCLUDE_IN_FRAMEWORK_HEADER = YES;
				CLANG_WARN_RANGE_LOOP_ANALYSIS = YES;
				CLANG_WARN_STRICT_PROTOTYPES = YES;
				CLANG_WARN_SUSPICIOUS_MOVE = YES;
				CLANG_WARN_UNGUARDED_AVAILABILITY = YES_AGGRESSIVE;
				CLANG_WARN_UNREACHABLE_CODE = YES;
				CLANG_WARN__DUPLICATE_METHOD_MATCH = YES;
				COPY_PHASE_STRIP = NO;
				DEBUG_INFORMATION_FORMAT = dwarf;
				ENABLE_STRICT_OBJC_MSGSEND = YES;
				ENABLE_TESTABILITY = YES;
				ENABLE_USER_SCRIPT_SANDBOXING = YES;
				GCC_C_LANGUAGE_STANDARD = gnu11;
				GCC_DYNAMIC_NO_PIC = NO;
				GCC_NO_COMMON_BLOCKS = YES;
				GCC_OPTIMIZATION_LEVEL = 0;
				GCC_PREPROCESSOR_DEFINITIONS = (
					"DEBUG=1",
					"$(inherited)",
				);
				GCC_WARN_64_TO_32_BIT_CONVERSION = YES;
				GCC_WARN_ABOUT_RETURN_TYPE = YES_ERROR;
				GCC_WARN_UNDECLARED_SELECTOR = YES;
				GCC_WARN_UNINITIALIZED_AUTOS = YES_AGGRESSIVE;
				GCC_WARN_UNUSED_FUNCTION = YES;
				GCC_WARN_UNUSED_VARIABLE = YES;
				IPHONEOS_DEPLOYMENT_TARGET = 15.4;
				MTL_ENABLE_DEBUG_INFO = INCLUDE_SOURCE;
				MTL_FAST_MATH = YES;
				ONLY_ACTIVE_ARCH = YES;
				SDKROOT = iphoneos;
				SWIFT_ACTIVE_COMPILATION_CONDITIONS = DEBUG;
				SWIFT_OPTIMIZATION_LEVEL = "-Onone";
			};
			name = Debug;
		};
		529861D9284553BC009C1E3B /* Release */ = {
			isa = XCBuildConfiguration;
			buildSettings = {
				ALWAYS_SEARCH_USER_PATHS = NO;
				CLANG_ANALYZER_NONNULL = YES;
				CLANG_ANALYZER_NUMBER_OBJECT_CONVERSION = YES_AGGRESSIVE;
				CLANG_CXX_LANGUAGE_STANDARD = "gnu++17";
				CLANG_ENABLE_MODULES = YES;
				CLANG_ENABLE_OBJC_ARC = YES;
				CLANG_ENABLE_OBJC_WEAK = YES;
				CLANG_WARN_BLOCK_CAPTURE_AUTORELEASING = YES;
				CLANG_WARN_BOOL_CONVERSION = YES;
				CLANG_WARN_COMMA = YES;
				CLANG_WARN_CONSTANT_CONVERSION = YES;
				CLANG_WARN_DEPRECATED_OBJC_IMPLEMENTATIONS = YES;
				CLANG_WARN_DIRECT_OBJC_ISA_USAGE = YES_ERROR;
				CLANG_WARN_DOCUMENTATION_COMMENTS = YES;
				CLANG_WARN_EMPTY_BODY = YES;
				CLANG_WARN_ENUM_CONVERSION = YES;
				CLANG_WARN_INFINITE_RECURSION = YES;
				CLANG_WARN_INT_CONVERSION = YES;
				CLANG_WARN_NON_LITERAL_NULL_CONVERSION = YES;
				CLANG_WARN_OBJC_IMPLICIT_RETAIN_SELF = YES;
				CLANG_WARN_OBJC_LITERAL_CONVERSION = YES;
				CLANG_WARN_OBJC_ROOT_CLASS = YES_ERROR;
				CLANG_WARN_QUOTED_INCLUDE_IN_FRAMEWORK_HEADER = YES;
				CLANG_WARN_RANGE_LOOP_ANALYSIS = YES;
				CLANG_WARN_STRICT_PROTOTYPES = YES;
				CLANG_WARN_SUSPICIOUS_MOVE = YES;
				CLANG_WARN_UNGUARDED_AVAILABILITY = YES_AGGRESSIVE;
				CLANG_WARN_UNREACHABLE_CODE = YES;
				CLANG_WARN__DUPLICATE_METHOD_MATCH = YES;
				COPY_PHASE_STRIP = NO;
				DEBUG_INFORMATION_FORMAT = "dwarf-with-dsym";
				ENABLE_NS_ASSERTIONS = NO;
				ENABLE_STRICT_OBJC_MSGSEND = YES;
				ENABLE_USER_SCRIPT_SANDBOXING = YES;
				GCC_C_LANGUAGE_STANDARD = gnu11;
				GCC_NO_COMMON_BLOCKS = YES;
				GCC_WARN_64_TO_32_BIT_CONVERSION = YES;
				GCC_WARN_ABOUT_RETURN_TYPE = YES_ERROR;
				GCC_WARN_UNDECLARED_SELECTOR = YES;
				GCC_WARN_UNINITIALIZED_AUTOS = YES_AGGRESSIVE;
				GCC_WARN_UNUSED_FUNCTION = YES;
				GCC_WARN_UNUSED_VARIABLE = YES;
				IPHONEOS_DEPLOYMENT_TARGET = 15.4;
				MTL_ENABLE_DEBUG_INFO = NO;
				MTL_FAST_MATH = YES;
				SDKROOT = iphoneos;
				SWIFT_COMPILATION_MODE = wholemodule;
				SWIFT_OPTIMIZATION_LEVEL = "-O";
				VALIDATE_PRODUCT = YES;
			};
			name = Release;
		};
		529861DB284553BC009C1E3B /* Debug */ = {
			isa = XCBuildConfiguration;
			buildSettings = {
				ASSETCATALOG_COMPILER_APPICON_NAME = AppIcon;
				ASSETCATALOG_COMPILER_GLOBAL_ACCENT_COLOR_NAME = AccentColor;
				CODE_SIGN_STYLE = Automatic;
				CURRENT_PROJECT_VERSION = 1;
				DEVELOPMENT_ASSET_PATHS = "\"UOKiosk/Resources/Preview Content\"";
				DEVELOPMENT_TEAM = 5MHQLWW6Y5;
				ENABLE_PREVIEWS = YES;
				GENERATE_INFOPLIST_FILE = YES;
				INFOPLIST_FILE = UOKiosk/Info.plist;
				INFOPLIST_KEY_CFBundleDisplayName = "UO Kisok";
				INFOPLIST_KEY_LSApplicationCategoryType = "public.app-category.education";
				INFOPLIST_KEY_NSCalendarsUsageDescription = "The app would like to be able to allow you to add University of Oregon events to your calendar";
				INFOPLIST_KEY_NSContactsUsageDescription = "When adding to the calendar the app will allow you to add contacts to the event";
				INFOPLIST_KEY_NSLocationWhenInUseUsageDescription = "The app would like to show you where you are on the campus map";
				INFOPLIST_KEY_NSRemindersUsageDescription = "The app would like to be able to allow you to add University of Oregon events to your Reminders";
				INFOPLIST_KEY_UIApplicationSceneManifest_Generation = YES;
				INFOPLIST_KEY_UIApplicationSupportsIndirectInputEvents = YES;
				INFOPLIST_KEY_UISupportedInterfaceOrientations_iPad = "UIInterfaceOrientationPortrait UIInterfaceOrientationPortraitUpsideDown UIInterfaceOrientationLandscapeLeft UIInterfaceOrientationLandscapeRight";
				INFOPLIST_KEY_UISupportedInterfaceOrientations_iPhone = "UIInterfaceOrientationPortrait UIInterfaceOrientationLandscapeLeft UIInterfaceOrientationLandscapeRight";
				LD_RUNPATH_SEARCH_PATHS = (
					"$(inherited)",
					"@executable_path/Frameworks",
				);
				MARKETING_VERSION = 1.0.0;
				PRODUCT_BUNDLE_IDENTIFIER = com.JDPaul.UOKiosk;
				PRODUCT_NAME = "$(TARGET_NAME)";
				SUPPORTED_PLATFORMS = "iphoneos iphonesimulator xros xrsimulator";
				SUPPORTS_MACCATALYST = NO;
				SWIFT_EMIT_LOC_STRINGS = YES;
				SWIFT_VERSION = 5.0;
				TARGETED_DEVICE_FAMILY = "1,2,7";
			};
			name = Debug;
		};
		529861DC284553BC009C1E3B /* Release */ = {
			isa = XCBuildConfiguration;
			buildSettings = {
				ASSETCATALOG_COMPILER_APPICON_NAME = AppIcon;
				ASSETCATALOG_COMPILER_GLOBAL_ACCENT_COLOR_NAME = AccentColor;
				CODE_SIGN_STYLE = Automatic;
				CURRENT_PROJECT_VERSION = 1;
				DEVELOPMENT_ASSET_PATHS = "\"UOKiosk/Resources/Preview Content\"";
				DEVELOPMENT_TEAM = 5MHQLWW6Y5;
				ENABLE_PREVIEWS = YES;
				GENERATE_INFOPLIST_FILE = YES;
				INFOPLIST_FILE = UOKiosk/Info.plist;
				INFOPLIST_KEY_CFBundleDisplayName = "UO Kisok";
				INFOPLIST_KEY_LSApplicationCategoryType = "public.app-category.education";
				INFOPLIST_KEY_NSCalendarsUsageDescription = "The app would like to be able to allow you to add University of Oregon events to your calendar";
				INFOPLIST_KEY_NSContactsUsageDescription = "When adding to the calendar the app will allow you to add contacts to the event";
				INFOPLIST_KEY_NSLocationWhenInUseUsageDescription = "The app would like to show you where you are on the campus map";
				INFOPLIST_KEY_NSRemindersUsageDescription = "The app would like to be able to allow you to add University of Oregon events to your Reminders";
				INFOPLIST_KEY_UIApplicationSceneManifest_Generation = YES;
				INFOPLIST_KEY_UIApplicationSupportsIndirectInputEvents = YES;
				INFOPLIST_KEY_UISupportedInterfaceOrientations_iPad = "UIInterfaceOrientationPortrait UIInterfaceOrientationPortraitUpsideDown UIInterfaceOrientationLandscapeLeft UIInterfaceOrientationLandscapeRight";
				INFOPLIST_KEY_UISupportedInterfaceOrientations_iPhone = "UIInterfaceOrientationPortrait UIInterfaceOrientationLandscapeLeft UIInterfaceOrientationLandscapeRight";
				LD_RUNPATH_SEARCH_PATHS = (
					"$(inherited)",
					"@executable_path/Frameworks",
				);
				MARKETING_VERSION = 1.0.0;
				PRODUCT_BUNDLE_IDENTIFIER = com.JDPaul.UOKiosk;
				PRODUCT_NAME = "$(TARGET_NAME)";
				SUPPORTED_PLATFORMS = "iphoneos iphonesimulator xros xrsimulator";
				SUPPORTS_MACCATALYST = NO;
				SWIFT_EMIT_LOC_STRINGS = YES;
				SWIFT_VERSION = 5.0;
				TARGETED_DEVICE_FAMILY = "1,2,7";
			};
			name = Release;
		};
		529861DE284553BC009C1E3B /* Debug */ = {
			isa = XCBuildConfiguration;
			buildSettings = {
				ALWAYS_EMBED_SWIFT_STANDARD_LIBRARIES = YES;
				BUNDLE_LOADER = "$(TEST_HOST)";
				CODE_SIGN_STYLE = Automatic;
				CURRENT_PROJECT_VERSION = 1;
				DEVELOPMENT_TEAM = 5MHQLWW6Y5;
				GENERATE_INFOPLIST_FILE = YES;
				IPHONEOS_DEPLOYMENT_TARGET = 15.4;
				MARKETING_VERSION = 1.0;
				PRODUCT_BUNDLE_IDENTIFIER = com.JDPaul.UOKioskTests;
				PRODUCT_NAME = "$(TARGET_NAME)";
				SWIFT_EMIT_LOC_STRINGS = NO;
				SWIFT_VERSION = 5.0;
				TARGETED_DEVICE_FAMILY = "1,2";
				TEST_HOST = "$(BUILT_PRODUCTS_DIR)/UOKiosk.app/UOKiosk";
			};
			name = Debug;
		};
		529861DF284553BC009C1E3B /* Release */ = {
			isa = XCBuildConfiguration;
			buildSettings = {
				ALWAYS_EMBED_SWIFT_STANDARD_LIBRARIES = YES;
				BUNDLE_LOADER = "$(TEST_HOST)";
				CODE_SIGN_STYLE = Automatic;
				CURRENT_PROJECT_VERSION = 1;
				DEVELOPMENT_TEAM = 5MHQLWW6Y5;
				GENERATE_INFOPLIST_FILE = YES;
				IPHONEOS_DEPLOYMENT_TARGET = 15.4;
				MARKETING_VERSION = 1.0;
				PRODUCT_BUNDLE_IDENTIFIER = com.JDPaul.UOKioskTests;
				PRODUCT_NAME = "$(TARGET_NAME)";
				SWIFT_EMIT_LOC_STRINGS = NO;
				SWIFT_VERSION = 5.0;
				TARGETED_DEVICE_FAMILY = "1,2";
				TEST_HOST = "$(BUILT_PRODUCTS_DIR)/UOKiosk.app/UOKiosk";
			};
			name = Release;
		};
		529861E1284553BC009C1E3B /* Debug */ = {
			isa = XCBuildConfiguration;
			buildSettings = {
				ALWAYS_EMBED_SWIFT_STANDARD_LIBRARIES = YES;
				CODE_SIGN_STYLE = Automatic;
				CURRENT_PROJECT_VERSION = 1;
				DEVELOPMENT_TEAM = 5MHQLWW6Y5;
				GENERATE_INFOPLIST_FILE = YES;
				MARKETING_VERSION = 1.0;
				PRODUCT_BUNDLE_IDENTIFIER = com.JDPaul.UOKioskUITests;
				PRODUCT_NAME = "$(TARGET_NAME)";
				SWIFT_EMIT_LOC_STRINGS = NO;
				SWIFT_VERSION = 5.0;
				TARGETED_DEVICE_FAMILY = "1,2";
				TEST_TARGET_NAME = UOKiosk;
			};
			name = Debug;
		};
		529861E2284553BC009C1E3B /* Release */ = {
			isa = XCBuildConfiguration;
			buildSettings = {
				ALWAYS_EMBED_SWIFT_STANDARD_LIBRARIES = YES;
				CODE_SIGN_STYLE = Automatic;
				CURRENT_PROJECT_VERSION = 1;
				DEVELOPMENT_TEAM = 5MHQLWW6Y5;
				GENERATE_INFOPLIST_FILE = YES;
				MARKETING_VERSION = 1.0;
				PRODUCT_BUNDLE_IDENTIFIER = com.JDPaul.UOKioskUITests;
				PRODUCT_NAME = "$(TARGET_NAME)";
				SWIFT_EMIT_LOC_STRINGS = NO;
				SWIFT_VERSION = 5.0;
				TARGETED_DEVICE_FAMILY = "1,2";
				TEST_TARGET_NAME = UOKiosk;
			};
			name = Release;
		};
/* End XCBuildConfiguration section */

/* Begin XCConfigurationList section */
		529861B1284553BA009C1E3B /* Build configuration list for PBXProject "UOKiosk" */ = {
			isa = XCConfigurationList;
			buildConfigurations = (
				529861D8284553BC009C1E3B /* Debug */,
				529861D9284553BC009C1E3B /* Release */,
			);
			defaultConfigurationIsVisible = 0;
			defaultConfigurationName = Release;
		};
		529861DA284553BC009C1E3B /* Build configuration list for PBXNativeTarget "UOKiosk" */ = {
			isa = XCConfigurationList;
			buildConfigurations = (
				529861DB284553BC009C1E3B /* Debug */,
				529861DC284553BC009C1E3B /* Release */,
			);
			defaultConfigurationIsVisible = 0;
			defaultConfigurationName = Release;
		};
		529861DD284553BC009C1E3B /* Build configuration list for PBXNativeTarget "UOKioskTests" */ = {
			isa = XCConfigurationList;
			buildConfigurations = (
				529861DE284553BC009C1E3B /* Debug */,
				529861DF284553BC009C1E3B /* Release */,
			);
			defaultConfigurationIsVisible = 0;
			defaultConfigurationName = Release;
		};
		529861E0284553BC009C1E3B /* Build configuration list for PBXNativeTarget "UOKioskUITests" */ = {
			isa = XCConfigurationList;
			buildConfigurations = (
				529861E1284553BC009C1E3B /* Debug */,
				529861E2284553BC009C1E3B /* Release */,
			);
			defaultConfigurationIsVisible = 0;
			defaultConfigurationName = Release;
		};
/* End XCConfigurationList section */

/* Begin XCRemoteSwiftPackageReference section */
		52463EDD2A3AC76B007BF9B1 /* XCRemoteSwiftPackageReference "swift-collections" */ = {
			isa = XCRemoteSwiftPackageReference;
			repositoryURL = "https://github.com/apple/swift-collections.git";
			requirement = {
				kind = upToNextMajorVersion;
				minimumVersion = 1.0.0;
			};
		};
		52463EE42A3AC7C6007BF9B1 /* XCRemoteSwiftPackageReference "firebase-ios-sdk" */ = {
			isa = XCRemoteSwiftPackageReference;
			repositoryURL = "https://github.com/firebase/firebase-ios-sdk";
			requirement = {
				kind = upToNextMajorVersion;
				minimumVersion = 10.0.0;
			};
		};
		52A238512A4B86A7004799E8 /* XCRemoteSwiftPackageReference "FeedKit" */ = {
			isa = XCRemoteSwiftPackageReference;
			repositoryURL = "https://github.com/nmdias/FeedKit";
			requirement = {
				kind = upToNextMajorVersion;
				minimumVersion = 9.0.0;
			};
		};
/* End XCRemoteSwiftPackageReference section */

/* Begin XCSwiftPackageProductDependency section */
		52463EDE2A3AC76B007BF9B1 /* Collections */ = {
			isa = XCSwiftPackageProductDependency;
			package = 52463EDD2A3AC76B007BF9B1 /* XCRemoteSwiftPackageReference "swift-collections" */;
			productName = Collections;
		};
		52463EE02A3AC76B007BF9B1 /* DequeModule */ = {
			isa = XCSwiftPackageProductDependency;
			package = 52463EDD2A3AC76B007BF9B1 /* XCRemoteSwiftPackageReference "swift-collections" */;
			productName = DequeModule;
		};
		52463EE22A3AC76B007BF9B1 /* OrderedCollections */ = {
			isa = XCSwiftPackageProductDependency;
			package = 52463EDD2A3AC76B007BF9B1 /* XCRemoteSwiftPackageReference "swift-collections" */;
			productName = OrderedCollections;
		};
		52463EE52A3AC7C6007BF9B1 /* FirebaseAnalytics */ = {
			isa = XCSwiftPackageProductDependency;
			package = 52463EE42A3AC7C6007BF9B1 /* XCRemoteSwiftPackageReference "firebase-ios-sdk" */;
			productName = FirebaseAnalytics;
		};
		52463EE72A3AC7C6007BF9B1 /* FirebaseAnalyticsSwift */ = {
			isa = XCSwiftPackageProductDependency;
			package = 52463EE42A3AC7C6007BF9B1 /* XCRemoteSwiftPackageReference "firebase-ios-sdk" */;
			productName = FirebaseAnalyticsSwift;
		};
		52A238522A4B86A7004799E8 /* FeedKit */ = {
			isa = XCSwiftPackageProductDependency;
			package = 52A238512A4B86A7004799E8 /* XCRemoteSwiftPackageReference "FeedKit" */;
			productName = FeedKit;
		};
/* End XCSwiftPackageProductDependency section */

/* Begin XCVersionGroup section */
		52131E3B28B30762006C3094 /* EventsModel.xcdatamodeld */ = {
			isa = XCVersionGroup;
			children = (
				52131E3C28B30762006C3094 /* EventsModel.xcdatamodel */,
			);
			currentVersion = 52131E3C28B30762006C3094 /* EventsModel.xcdatamodel */;
			path = EventsModel.xcdatamodeld;
			sourceTree = "<group>";
			versionGroupType = wrapper.xcdatamodel;
		};
/* End XCVersionGroup section */
	};
	rootObject = 529861AE284553BA009C1E3B /* Project object */;
}
